hash: c2454677369269b4cfd56cad38f77d69ae10c6db195f2b6513e1e319fa5221f4
updated: 2017-11-12T22:04:41.039599638-05:00
imports:
- name: github.com/gorilla/websocket
  version: ea4d1f681babbce9545c9c5f3d5194a789c89f5b
- name: github.com/jinzhu/gorm
  version: 5174cc5c242a728b435ea2be8a2f7f998e15429b
testImports: []
